PODS:
  - Alamofire (5.4.1)
  - Apexy (1.4.1):
    - Apexy/Alamofire (= 1.4.1)
  - Apexy/Alamofire (1.4.1):
    - Alamofire (~> 5.0)
    - Apexy/Core
  - Apexy/Core (1.4.1)

DEPENDENCIES:
  - Apexy (from `../`)

SPEC REPOS:
  trunk:
    - Alamofire

EXTERNAL SOURCES:
  Apexy:
    :path: "../"

SPEC CHECKSUMS:
  Alamofire: 2291f7d21ca607c491dd17642e5d40fdcda0e65c
  Apexy: a9bfb8db4277c3b97d9063cbee34a28c87074c20

PODFILE CHECKSUM: f86a90e7590ccb3aa7caeceaf315abe256650c66

COCOAPODS: 1.10.1
