PODS:
  - Alamofire (5.2.2)
  - Apexy (1.2.0):
    - Apexy/Alamofire (= 1.2.0)
  - Apexy/Alamofire (1.2.0):
    - Alamofire (~> 5.0)
    - Apexy/Core
  - Apexy/Core (1.2.0)

DEPENDENCIES:
  - Apexy (from `../`)

SPEC REPOS:
  trunk:
    - Alamofire

EXTERNAL SOURCES:
  Apexy:
    :path: "../"

SPEC CHECKSUMS:
  Alamofire: 814429acc853c6c54ff123fc3d2ef66803823ce0
  Apexy: f669411a11a83a4053c8a653b6590cb78fb46e1d

PODFILE CHECKSUM: f86a90e7590ccb3aa7caeceaf315abe256650c66

COCOAPODS: 1.9.3
