PODS:
  - Alamofire (4.9.1)
  - ApiClient (1.0.0):
    - Alamofire

DEPENDENCIES:
  - Alamofire (~> 4.0)
  - ApiClient (from `../`)

SPEC REPOS:
  trunk:
    - Alamofire

EXTERNAL SOURCES:
  ApiClient:
    :path: "../"

SPEC CHECKSUMS:
  Alamofire: 85e8a02c69d6020a0d734f6054870d7ecb75cf18
  ApiClient: 95166f97bdc267ade3493cb55f49dd692e9c4b5d

PODFILE CHECKSUM: 56216e46a59fb70749c832f8d124ebc5b13ae689

COCOAPODS: 1.9.3
